
Microsoft Visual Studio Solution File, Format Version 11.00
# Visual C++ Express 2010
Project("{8BC9CEB8-8B4A-11D0-8D11-00A0C91BC942}") = "1123_C언어기초", "1123_C언어기초.vcxproj", "{C61FB445-7A1D-4E6C-8333-BEF27B3031F2}"
EndProject
Global
	GlobalSection(SolutionConfigurationPlatforms) = preSolution
		Debug|Win32 = Debug|Win32
		Release|Win32 = Release|Win32
	EndGlobalSection
	GlobalSection(ProjectConfigurationPlatforms) = postSolution
		{C61FB445-7A1D-4E6C-8333-BEF27B3031F2}.Debug|Win32.ActiveCfg = Debug|Win32
		{C61FB445-7A1D-4E6C-8333-BEF27B3031F2}.Debug|Win32.Build.0 = Debug|Win32
		{C61FB445-7A1D-4E6C-8333-BEF27B3031F2}.Release|Win32.ActiveCfg = Release|Win32
		{C61FB445-7A1D-4E6C-8333-BEF27B3031F2}.Release|Win32.Build.0 = Release|Win32
	EndGlobalSection
	GlobalSection(SolutionProperties) = preSolution
		HideSolutionNode = FALSE
	EndGlobalSection
EndGlobal
